
Microsoft Visual Studio Solution File, Format Version 12.00
# Visual Studio Version 17
VisualStudioVersion = 17.8.34316.72
MinimumVisualStudioVersion = 10.0.40219.1
Project("{FAE04EC0-301F-11D3-BF4B-00C04F79EFBC}") = "com.bancodobrasil", "com.bancodobrasil\com.bancodobrasil.csproj", "{6F06DA54-DC2E-42EE-80DF-06764C15F343}"
EndProject
Global
	GlobalSection(SolutionConfigurationPlatforms) = preSolution
		Debug|Any CPU = Debug|Any CPU
		Release|Any CPU = Release|Any CPU
	EndGlobalSection
	GlobalSection(ProjectConfigurationPlatforms) = postSolution
		{6F06DA54-DC2E-42EE-80DF-06764C15F343}.Debug|Any CPU.ActiveCfg = Debug|Any CPU
		{6F06DA54-DC2E-42EE-80DF-06764C15F343}.Debug|Any CPU.Build.0 = Debug|Any CPU
		{6F06DA54-DC2E-42EE-80DF-06764C15F343}.Release|Any CPU.ActiveCfg = Release|Any CPU
		{6F06DA54-DC2E-42EE-80DF-06764C15F343}.Release|Any CPU.Build.0 = Release|Any CPU
	EndGlobalSection
	GlobalSection(SolutionProperties) = preSolution
		HideSolutionNode = FALSE
	EndGlobalSection
	GlobalSection(ExtensibilityGlobals) = postSolution
		SolutionGuid = {B1E7CAA2-D50F-4F6C-95CC-7B3895392847}
	EndGlobalSection
EndGlobal
